
Microsoft Visual Studio Solution File, Format Version 12.00
# Visual Studio Version 17
VisualStudioVersion = 17.14.36414.22 d17.14
MinimumVisualStudioVersion = 10.0.40219.1
Project("{FAE04EC0-301F-11D3-BF4B-00C04F79EFBC}") = "ClubDeportivo", "ClubDeportivo.csproj", "{CC0619A3-38A8-4E2B-B6CE-4DDF9DC6DE70}"
EndProject
Global
	GlobalSection(SolutionConfigurationPlatforms) = preSolution
		Debug|Any CPU = Debug|Any CPU
		Release|Any CPU = Release|Any CPU
	EndGlobalSection
	GlobalSection(ProjectConfigurationPlatforms) = postSolution
		{CC0619A3-38A8-4E2B-B6CE-4DDF9DC6DE70}.Debug|Any CPU.ActiveCfg = Debug|Any CPU
		{CC0619A3-38A8-4E2B-B6CE-4DDF9DC6DE70}.Debug|Any CPU.Build.0 = Debug|Any CPU
		{CC0619A3-38A8-4E2B-B6CE-4DDF9DC6DE70}.Release|Any CPU.ActiveCfg = Release|Any CPU
		{CC0619A3-38A8-4E2B-B6CE-4DDF9DC6DE70}.Release|Any CPU.Build.0 = Release|Any CPU
	EndGlobalSection
	GlobalSection(SolutionProperties) = preSolution
		HideSolutionNode = FALSE
	EndGlobalSection
	GlobalSection(ExtensibilityGlobals) = postSolution
		SolutionGuid = {01A143B9-D96D-4BD9-9E5C-082E8C9D8BDE}
	EndGlobalSection
EndGlobal
